<?xml version="1.0" encoding="utf-8"?>
<Project ToolsVersion="4.0" xmlns="http://schemas.microsoft.com/developer/msbuild/2003">
  <ItemGroup>
    <Filter Include="Source Files">
      <UniqueIdentifier>{4FC737F1-C7A5-4376-A066-2A32D752A2FF}</UniqueIdentifier>
      <Extensions>cpp;c;cxx;def;odl;idl;hpj;bat;asm;asmx</Extensions>
    </Filter>
    <Filter Include="Header Files">
      <UniqueIdentifier>{93995380-89BD-4b04-88EB-625FBE52EBFB}</UniqueIdentifier>
      <Extensions>h;hpp;hxx;hm;inl;inc;xsd</Extensions>
    </Filter>
    <Filter Include="Resource Files">
      <UniqueIdentifier>{67DA6AB6-F800-4c08-8B7A-83BB121AAD01}</UniqueIdentifier>
      <Extensions>rc;ico;cur;bmp;dlg;rc2;rct;bin;rgs;gif;jpg;jpeg;jpe;resx</Extensions>
    </Filter>
    <Filter Include="CGridListCtrlEx">
      <UniqueIdentifier>{c5b1ef4f-09c9-43e7-a3a5-a90b5e45f984}</UniqueIdentifier>
    </Filter>
    <Filter Include="CGridListCtrlEx\Source Files">
      <UniqueIdentifier>{3d269a27-ade3-4217-9078-ae9e70da43d8}</UniqueIdentifier>
    </Filter>
    <Filter Include="CGridListCtrlEx\Header Files">
      <UniqueIdentifier>{80114755-bebe-413d-b754-c6932057e764}</UniqueIdentifier>
    </Filter>
  </ItemGroup>
  <ItemGroup>
    <ClCompile Include="..\DemoApplication\CGridListCtrlExApp.cpp">
      <Filter>Source Files</Filter>
    </ClCompile>
    <ClCompile Include="..\DemoApplication\CGridListCtrlExDlg.cpp">
      <Filter>Source Files</Filter>
    </ClCompile>
    <ClCompile Include="..\DemoApplication\stdafx.cpp">
      <Filter>Source Files</Filter>
    </ClCompile>
    <ClCompile Include="..\CGridListCtrlEx\CGridColumnTraitCombo.cpp">
      <Filter>CGridListCtrlEx\Source Files</Filter>
    </ClCompile>
    <ClCompile Include="..\CGridListCtrlEx\CGridColumnTraitDateTime.cpp">
      <Filter>CGridListCtrlEx\Source Files</Filter>
    </ClCompile>
    <ClCompile Include="..\CGridListCtrlEx\CGridColumnTraitEdit.cpp">
      <Filter>CGridListCtrlEx\Source Files</Filter>
    </ClCompile>
    <ClCompile Include="..\CGridListCtrlEx\CGridColumnTraitHyperLink.cpp">
      <Filter>CGridListCtrlEx\Source Files</Filter>
    </ClCompile>
    <ClCompile Include="..\CGridListCtrlEx\CGridColumnTraitImage.cpp">
      <Filter>CGridListCtrlEx\Source Files</Filter>
    </ClCompile>
    <ClCompile Include="..\CGridListCtrlEx\CGridColumnTraitMultilineEdit.cpp">
      <Filter>CGridListCtrlEx\Source Files</Filter>
    </ClCompile>
    <ClCompile Include="..\CGridListCtrlEx\CGridColumnTraitText.cpp">
      <Filter>CGridListCtrlEx\Source Files</Filter>
    </ClCompile>
    <ClCompile Include="..\CGridListCtrlEx\CGridListCtrlEx.cpp">
      <Filter>CGridListCtrlEx\Source Files</Filter>
    </ClCompile>
    <ClCompile Include="..\CGridListCtrlEx\CGridListCtrlGroups.cpp">
      <Filter>CGridListCtrlEx\Source Files</Filter>
    </ClCompile>
    <ClCompile Include="..\CGridListCtrlEx\CGridRowTraitText.cpp">
      <Filter>CGridListCtrlEx\Source Files</Filter>
    </ClCompile>
    <ClCompile Include="..\CGridListCtrlEx\CGridRowTraitXP.cpp">
      <Filter>CGridListCtrlEx\Source Files</Filter>
    </ClCompile>
    <ClCompile Include="..\CGridListCtrlEx\ViewConfigSection.cpp">
      <Filter>CGridListCtrlEx\Source Files</Filter>
    </ClCompile>
  </ItemGroup>
  <ItemGroup>
    <ClInclude Include="..\DemoApplication\CGridListCtrlExApp.h">
      <Filter>Header Files</Filter>
    </ClInclude>
    <ClInclude Include="..\DemoApplication\CGridListCtrlExDlg.h">
      <Filter>Header Files</Filter>
    </ClInclude>
    <ClInclude Include="..\DemoApplication\CListCtrl_DataModel.h">
      <Filter>Header Files</Filter>
    </ClInclude>
    <ClInclude Include="..\DemoApplication\Resource.h">
      <Filter>Header Files</Filter>
    </ClInclude>
    <ClInclude Include="..\DemoApplication\stdafx.h">
      <Filter>Header Files</Filter>
    </ClInclude>
    <ClInclude Include="..\CGridListCtrlEx\CGridColumnTrait.h">
      <Filter>CGridListCtrlEx\Header Files</Filter>
    </ClInclude>
    <ClInclude Include="..\CGridListCtrlEx\CGridColumnTraitCombo.h">
      <Filter>CGridListCtrlEx\Header Files</Filter>
    </ClInclude>
    <ClInclude Include="..\CGridListCtrlEx\CGridColumnTraitDateTime.h">
      <Filter>CGridListCtrlEx\Header Files</Filter>
    </ClInclude>
    <ClInclude Include="..\CGridListCtrlEx\CGridColumnTraitEdit.h">
      <Filter>CGridListCtrlEx\Header Files</Filter>
    </ClInclude>
    <ClInclude Include="..\CGridListCtrlEx\CGridColumnTraitHyperLink.h">
      <Filter>CGridListCtrlEx\Header Files</Filter>
    </ClInclude>
    <ClInclude Include="..\CGridListCtrlEx\CGridColumnTraitImage.h">
      <Filter>CGridListCtrlEx\Header Files</Filter>
    </ClInclude>
    <ClInclude Include="..\CGridListCtrlEx\CGridColumnTraitMultilineEdit.h">
      <Filter>CGridListCtrlEx\Header Files</Filter>
    </ClInclude>
    <ClInclude Include="..\CGridListCtrlEx\CGridColumnTraitText.h">
      <Filter>CGridListCtrlEx\Header Files</Filter>
    </ClInclude>
    <ClInclude Include="..\CGridListCtrlEx\CGridColumnTraitVisitor.h">
      <Filter>CGridListCtrlEx\Header Files</Filter>
    </ClInclude>
    <ClInclude Include="..\CGridListCtrlEx\CGridListCtrlEx.h">
      <Filter>CGridListCtrlEx\Header Files</Filter>
    </ClInclude>
    <ClInclude Include="..\CGridListCtrlEx\CGridListCtrlGroups.h">
      <Filter>CGridListCtrlEx\Header Files</Filter>
    </ClInclude>
    <ClInclude Include="..\CGridListCtrlEx\CGridRowTrait.h">
      <Filter>CGridListCtrlEx\Header Files</Filter>
    </ClInclude>
    <ClInclude Include="..\CGridListCtrlEx\CGridRowTraitText.h">
      <Filter>CGridListCtrlEx\Header Files</Filter>
    </ClInclude>
    <ClInclude Include="..\CGridListCtrlEx\CGridRowTraitVisitor.h">
      <Filter>CGridListCtrlEx\Header Files</Filter>
    </ClInclude>
    <ClInclude Include="..\CGridListCtrlEx\CGridRowTraitXP.h">
      <Filter>CGridListCtrlEx\Header Files</Filter>
    </ClInclude>
    <ClInclude Include="..\CGridListCtrlEx\ViewConfigSection.h">
      <Filter>CGridListCtrlEx\Header Files</Filter>
    </ClInclude>
  </ItemGroup>
  <ItemGroup>
    <Image Include="..\DemoApplication\res\CGridListCtrlEx.ico">
      <Filter>Resource Files</Filter>
    </Image>
    <Image Include="..\DemoApplication\res\FLGDEN.ICO">
      <Filter>Resource Files</Filter>
    </Image>
    <Image Include="..\DemoApplication\res\FLGSWED.ICO">
      <Filter>Resource Files</Filter>
    </Image>
    <Image Include="..\DemoApplication\res\FLGFRAN.ICO">
      <Filter>Resource Files</Filter>
    </Image>
    <Image Include="..\DemoApplication\res\FLGGERM.ICO">
      <Filter>Resource Files</Filter>
    </Image>
    <Image Include="..\DemoApplication\res\FLGGREEC.ICO">
      <Filter>Resource Files</Filter>
    </Image>
    <Image Include="..\DemoApplication\res\FLGSPAIN.ICO">
      <Filter>Resource Files</Filter>
    </Image>
  </ItemGroup>
  <ItemGroup>
    <ResourceCompile Include="..\DemoApplication\CGridListCtrlEx.rc">
      <Filter>Resource Files</Filter>
    </ResourceCompile>
  </ItemGroup>
  <ItemGroup>
    <None Include="..\DemoApplication\res\CGridListCtrlEx.rc2">
      <Filter>Resource Files</Filter>
    </None>
    <None Include="..\Documentation\CGridListCtrlEx.htm" />
  </ItemGroup>
  <ItemGroup>
    <Text Include="..\DemoApplication\ReadMe.txt" />
  </ItemGroup>
</Project>